// !$*UTF8*$!
{
	archiveVersion = 1;
	classes = {
	};
	objectVersion = 77;
	objects = {

/* Begin PBXContainerItemProxy section */
		F0DE9BC72CE2487C00559108 /* PBXContainerItemProxy */ = {
			isa = PBXContainerItemProxy;
			containerPortal = F0DE9BA82CE2487A00559108 /* Project object */;
			proxyType = 1;
			remoteGlobalIDString = F0DE9BAF2CE2487A00559108;
			remoteInfo = Bankey;
		};
		F0DE9BD12CE2487C00559108 /* PBXContainerItemProxy */ = {
			isa = PBXContainerItemProxy;
			containerPortal = F0DE9BA82CE2487A00559108 /* Project object */;
			proxyType = 1;
			remoteGlobalIDString = F0DE9BAF2CE2487A00559108;
			remoteInfo = Bankey;
		};
/* End PBXContainerItemProxy section */

/* Begin PBXFileReference section */
		F0DE9BB02CE2487A00559108 /* Bankey.app */ = {isa = PBXFileReference; explicitFileType = wrapper.application; includeInIndex = 0; path = Bankey.app; sourceTree = BUILT_PRODUCTS_DIR; };
		F0DE9BC62CE2487C00559108 /* BankeyTests.xctest */ = {isa = PBXFileReference; explicitFileType = wrapper.cfbundle; includeInIndex = 0; path = BankeyTests.xctest; sourceTree = BUILT_PRODUCTS_DIR; };
		F0DE9BD02CE2487C00559108 /* BankeyUITests.xctest */ = {isa = PBXFileReference; explicitFileType = wrapper.cfbundle; includeInIndex = 0; path = BankeyUITests.xctest; sourceTree = BUILT_PRODUCTS_DIR; };
/* End PBXFileReference section */

/* Begin PBXFileSystemSynchronizedBuildFileExceptionSet section */
		F0DE9BD82CE2487C00559108 /* Exceptions for "Bankey" folder in "Bankey" target */ = {
			isa = PBXFileSystemSynchronizedBuildFileExceptionSet;
			membershipExceptions = (
				Info.plist,
			);
			target = F0DE9BAF2CE2487A00559108 /* Bankey */;
		};
/* End PBXFileSystemSynchronizedBuildFileExceptionSet section */

/* Begin PBXFileSystemSynchronizedRootGroup section */
		F0DE9BB22CE2487A00559108 /* Bankey */ = {
			isa = PBXFileSystemSynchronizedRootGroup;
			exceptions = (
				F0DE9BD82CE2487C00559108 /* Exceptions for "Bankey" folder in "Bankey" target */,
			);
			path = Bankey;
			sourceTree = "<group>";
		};
		F0DE9BC92CE2487C00559108 /* BankeyTests */ = {
			isa = PBXFileSystemSynchronizedRootGroup;
			path = BankeyTests;
			sourceTree = "<group>";
		};
		F0DE9BD32CE2487C00559108 /* BankeyUITests */ = {
			isa = PBXFileSystemSynchronizedRootGroup;
			path = BankeyUITests;
			sourceTree = "<group>";
		};
/* End PBXFileSystemSynchronizedRootGroup section */

/* Begin PBXFrameworksBuildPhase section */
		F0DE9BAD2CE2487A00559108 /* Frameworks */ = {
			isa = PBXFrameworksBuildPhase;
			buildActionMask = 2147483647;
			files = (
			);
			runOnlyForDeploymentPostprocessing = 0;
		};
		F0DE9BC32CE2487C00559108 /* Frameworks */ = {
			isa = PBXFrameworksBuildPhase;
			buildActionMask = 2147483647;
			files = (
			);
			runOnlyForDeploymentPostprocessing = 0;
		};
		F0DE9BCD2CE2487C00559108 /* Frameworks */ = {
			isa = PBXFrameworksBuildPhase;
			buildActionMask = 2147483647;
			files = (
			);
			runOnlyForDeploymentPostprocessing = 0;
		};
/* End PBXFrameworksBuildPhase section */

/* Begin PBXGroup section */
		F0DE9BA72CE2487A00559108 = {
			isa = PBXGroup;
			children = (
				F0DE9BB22CE2487A00559108 /* Bankey */,
				F0DE9BC92CE2487C00559108 /* BankeyTests */,
				F0DE9BD32CE2487C00559108 /* BankeyUITests */,
				F0DE9BB12CE2487A00559108 /* Products */,
			);
			sourceTree = "<group>";
		};
		F0DE9BB12CE2487A00559108 /* Products */ = {
			isa = PBXGroup;
			children = (
				F0DE9BB02CE2487A00559108 /* Bankey.app */,
				F0DE9BC62CE2487C00559108 /* BankeyTests.xctest */,
				F0DE9BD02CE2487C00559108 /* BankeyUITests.xctest */,
			);
			name = Products;
			sourceTree = "<group>";
		};
/* End PBXGroup section */

/* Begin PBXNativeTarget section */
		F0DE9BAF2CE2487A00559108 /* Bankey */ = {
			isa = PBXNativeTarget;
			buildConfigurationList = F0DE9BD92CE2487C00559108 /* Build configuration list for PBXNativeTarget "Bankey" */;
			buildPhases = (
				F0DE9BAC2CE2487A00559108 /* Sources */,
				F0DE9BAD2CE2487A00559108 /* Frameworks */,
				F0DE9BAE2CE2487A00559108 /* Resources */,
			);
			buildRules = (
			);
			dependencies = (
			);
			fileSystemSynchronizedGroups = (
				F0DE9BB22CE2487A00559108 /* Bankey */,
			);
			name = Bankey;
			packageProductDependencies = (
			);
			productName = Bankey;
			productReference = F0DE9BB02CE2487A00559108 /* Bankey.app */;
			productType = "com.apple.product-type.application";
		};
		F0DE9BC52CE2487C00559108 /* BankeyTests */ = {
			isa = PBXNativeTarget;
			buildConfigurationList = F0DE9BDE2CE2487C00559108 /* Build configuration list for PBXNativeTarget "BankeyTests" */;
			buildPhases = (
				F0DE9BC22CE2487C00559108 /* Sources */,
				F0DE9BC32CE2487C00559108 /* Frameworks */,
				F0DE9BC42CE2487C00559108 /* Resources */,
			);
			buildRules = (
			);
			dependencies = (
				F0DE9BC82CE2487C00559108 /* PBXTargetDependency */,
			);
			fileSystemSynchronizedGroups = (
				F0DE9BC92CE2487C00559108 /* BankeyTests */,
			);
			name = BankeyTests;
			packageProductDependencies = (
			);
			productName = BankeyTests;
			productReference = F0DE9BC62CE2487C00559108 /* BankeyTests.xctest */;
			productType = "com.apple.product-type.bundle.unit-test";
		};
		F0DE9BCF2CE2487C00559108 /* BankeyUITests */ = {
			isa = PBXNativeTarget;
			buildConfigurationList = F0DE9BE12CE2487C00559108 /* Build configuration list for PBXNativeTarget "BankeyUITests" */;
			buildPhases = (
				F0DE9BCC2CE2487C00559108 /* Sources */,
				F0DE9BCD2CE2487C00559108 /* Frameworks */,
				F0DE9BCE2CE2487C00559108 /* Resources */,
			);
			buildRules = (
			);
			dependencies = (
				F0DE9BD22CE2487C00559108 /* PBXTargetDependency */,
			);
			fileSystemSynchronizedGroups = (
				F0DE9BD32CE2487C00559108 /* BankeyUITests */,
			);
			name = BankeyUITests;
			packageProductDependencies = (
			);
			productName = BankeyUITests;
			productReference = F0DE9BD02CE2487C00559108 /* BankeyUITests.xctest */;
			productType = "com.apple.product-type.bundle.ui-testing";
		};
/* End PBXNativeTarget section */

/* Begin PBXProject section */
		F0DE9BA82CE2487A00559108 /* Project object */ = {
			isa = PBXProject;
			attributes = {
				BuildIndependentTargetsInParallel = 1;
				LastSwiftUpdateCheck = 1610;
				LastUpgradeCheck = 1610;
				TargetAttributes = {
					F0DE9BAF2CE2487A00559108 = {
						CreatedOnToolsVersion = 16.1;
					};
					F0DE9BC52CE2487C00559108 = {
						CreatedOnToolsVersion = 16.1;
						TestTargetID = F0DE9BAF2CE2487A00559108;
					};
					F0DE9BCF2CE2487C00559108 = {
						CreatedOnToolsVersion = 16.1;
						TestTargetID = F0DE9BAF2CE2487A00559108;
					};
				};
			};
			buildConfigurationList = F0DE9BAB2CE2487A00559108 /* Build configuration list for PBXProject "Bankey" */;
			developmentRegion = en;
			hasScannedForEncodings = 0;
			knownRegions = (
				en,
				Base,
			);
			mainGroup = F0DE9BA72CE2487A00559108;
			minimizedProjectReferenceProxies = 1;
			preferredProjectObjectVersion = 77;
			productRefGroup = F0DE9BB12CE2487A00559108 /* Products */;
			projectDirPath = "";
			projectRoot = "";
			targets = (
				F0DE9BAF2CE2487A00559108 /* Bankey */,
				F0DE9BC52CE2487C00559108 /* BankeyTests */,
				F0DE9BCF2CE2487C00559108 /* BankeyUITests */,
			);
		};
/* End PBXProject section */

/* Begin PBXResourcesBuildPhase section */
		F0DE9BAE2CE2487A00559108 /* Resources */ = {
			isa = PBXResourcesBuildPhase;
			buildActionMask = 2147483647;
			files = (
			);
			runOnlyForDeploymentPostprocessing = 0;
		};
		F0DE9BC42CE2487C00559108 /* Resources */ = {
			isa = PBXResourcesBuildPhase;
			buildActionMask = 2147483647;
			files = (
			);
			runOnlyForDeploymentPostprocessing = 0;
		};
		F0DE9BCE2CE2487C00559108 /* Resources */ = {
			isa = PBXResourcesBuildPhase;
			buildActionMask = 2147483647;
			files = (
			);
			runOnlyForDeploymentPostprocessing = 0;
		};
/* End PBXResourcesBuildPhase section */

/* Begin PBXSourcesBuildPhase section */
		F0DE9BAC2CE2487A00559108 /* Sources */ = {
			isa = PBXSourcesBuildPhase;
			buildActionMask = 2147483647;
			files = (
			);
			runOnlyForDeploymentPostprocessing = 0;
		};
		F0DE9BC22CE2487C00559108 /* Sources */ = {
			isa = PBXSourcesBuildPhase;
			buildActionMask = 2147483647;
			files = (
			);
			runOnlyForDeploymentPostprocessing = 0;
		};
		F0DE9BCC2CE2487C00559108 /* Sources */ = {
			isa = PBXSourcesBuildPhase;
			buildActionMask = 2147483647;
			files = (
			);
			runOnlyForDeploymentPostprocessing = 0;
		};
/* End PBXSourcesBuildPhase section */

/* Begin PBXTargetDependency section */
		F0DE9BC82CE2487C00559108 /* PBXTargetDependency */ = {
			isa = PBXTargetDependency;
			target = F0DE9BAF2CE2487A00559108 /* Bankey */;
			targetProxy = F0DE9BC72CE2487C00559108 /* PBXContainerItemProxy */;
		};
		F0DE9BD22CE2487C00559108 /* PBXTargetDependency */ = {
			isa = PBXTargetDependency;
			target = F0DE9BAF2CE2487A00559108 /* Bankey */;
			targetProxy = F0DE9BD12CE2487C00559108 /* PBXContainerItemProxy */;
		};
/* End PBXTargetDependency section */

/* Begin XCBuildConfiguration section */
		F0DE9BDA2CE2487C00559108 /* Debug */ = {
			isa = XCBuildConfiguration;
			buildSettings = {
				ASSETCATALOG_COMPILER_APPICON_NAME = AppIcon;
				ASSETCATALOG_COMPILER_GLOBAL_ACCENT_COLOR_NAME = AccentColor;
				CODE_SIGN_STYLE = Automatic;
				CURRENT_PROJECT_VERSION = 1;
				DEVELOPMENT_TEAM = AK3RV68WWW;
				GENERATE_INFOPLIST_FILE = YES;
				INFOPLIST_FILE = Bankey/Info.plist;
				INFOPLIST_KEY_UIApplicationSupportsIndirectInputEvents = YES;
				INFOPLIST_KEY_UILaunchStoryboardName = LaunchScreen;
				INFOPLIST_KEY_UISupportedInterfaceOrientations_iPad = "UIInterfaceOrientationPortrait UIInterfaceOrientationPortraitUpsideDown UIInterfaceOrientationLandscapeLeft UIInterfaceOrientationLandscapeRight";
				INFOPLIST_KEY_UISupportedInterfaceOrientations_iPhone = "UIInterfaceOrientationPortrait UIInterfaceOrientationLandscapeLeft UIInterfaceOrientationLandscapeRight";
				IPHONEOS_DEPLOYMENT_TARGET = 16.6;
				LD_RUNPATH_SEARCH_PATHS = (
					"$(inherited)",
					"@executable_path/Frameworks",
				);
				MARKETING_VERSION = 1.0;
				PRODUCT_BUNDLE_IDENTIFIER = "Victor-Saccucci.Bankey";
				PRODUCT_NAME = "$(TARGET_NAME)";
				SWIFT_EMIT_LOC_STRINGS = YES;
				SWIFT_VERSION = 5.0;
				TARGETED_DEVICE_FAMILY = "1,2";
			};
			name = Debug;
		};
		F0DE9BDB2CE2487C00559108 /* Release */ = {
			isa = XCBuildConfiguration;
			buildSettings = {
				ASSETCATALOG_COMPILER_APPICON_NAME = AppIcon;
				ASSETCATALOG_COMPILER_GLOBAL_ACCENT_COLOR_NAME = AccentColor;
				CODE_SIGN_STYLE = Automatic;
				CURRENT_PROJECT_VERSION = 1;
				DEVELOPMENT_TEAM = AK3RV68WWW;
				GENERATE_INFOPLIST_FILE = YES;
				INFOPLIST_FILE = Bankey/Info.plist;
				INFOPLIST_KEY_UIApplicationSupportsIndirectInputEvents = YES;
				INFOPLIST_KEY_UILaunchStoryboardName = LaunchScreen;
				INFOPLIST_KEY_UISupportedInterfaceOrientations_iPad = "UIInterfaceOrientationPortrait UIInterfaceOrientationPortraitUpsideDown UIInterfaceOrientationLandscapeLeft UIInterfaceOrientationLandscapeRight";
				INFOPLIST_KEY_UISupportedInterfaceOrientations_iPhone = "UIInterfaceOrientationPortrait UIInterfaceOrientationLandscapeLeft UIInterfaceOrientationLandscapeRight";
				IPHONEOS_DEPLOYMENT_TARGET = 16.6;
				LD_RUNPATH_SEARCH_PATHS = (
					"$(inherited)",
					"@executable_path/Frameworks",
				);
				MARKETING_VERSION = 1.0;
				PRODUCT_BUNDLE_IDENTIFIER = "Victor-Saccucci.Bankey";
				PRODUCT_NAME = "$(TARGET_NAME)";
				SWIFT_EMIT_LOC_STRINGS = YES;
				SWIFT_VERSION = 5.0;
				TARGETED_DEVICE_FAMILY = "1,2";
			};
			name = Release;
		};
		F0DE9BDC2CE2487C00559108 /* Debug */ = {
			isa = XCBuildConfiguration;
			buildSettings = {
				ALWAYS_SEARCH_USER_PATHS = NO;
				ASSETCATALOG_COMPILER_GENERATE_SWIFT_ASSET_SYMBOL_EXTENSIONS = YES;
				CLANG_ANALYZER_NONNULL = YES;
				CLANG_ANALYZER_NUMBER_OBJECT_CONVERSION = YES_AGGRESSIVE;
				CLANG_CXX_LANGUAGE_STANDARD = "gnu++20";
				CLANG_ENABLE_MODULES = YES;
				CLANG_ENABLE_OBJC_ARC = YES;
				CLANG_ENABLE_OBJC_WEAK = YES;
				CLANG_WARN_BLOCK_CAPTURE_AUTORELEASING = YES;
				CLANG_WARN_BOOL_CONVERSION = YES;
				CLANG_WARN_COMMA = YES;
				CLANG_WARN_CONSTANT_CONVERSION = YES;
				CLANG_WARN_DEPRECATED_OBJC_IMPLEMENTATIONS = YES;
				CLANG_WARN_DIRECT_OBJC_ISA_USAGE = YES_ERROR;
				CLANG_WARN_DOCUMENTATION_COMMENTS = YES;
				CLANG_WARN_EMPTY_BODY = YES;
				CLANG_WARN_ENUM_CONVERSION = YES;
				CLANG_WARN_INFINITE_RECURSION = YES;
				CLANG_WARN_INT_CONVERSION = YES;
				CLANG_WARN_NON_LITERAL_NULL_CONVERSION = YES;
				CLANG_WARN_OBJC_IMPLICIT_RETAIN_SELF = YES;
				CLANG_WARN_OBJC_LITERAL_CONVERSION = YES;
				CLANG_WARN_OBJC_ROOT_CLASS = YES_ERROR;
				CLANG_WARN_QUOTED_INCLUDE_IN_FRAMEWORK_HEADER = YES;
				CLANG_WARN_RANGE_LOOP_ANALYSIS = YES;
				CLANG_WARN_STRICT_PROTOTYPES = YES;
				CLANG_WARN_SUSPICIOUS_MOVE = YES;
				CLANG_WARN_UNGUARDED_AVAILABILITY = YES_AGGRESSIVE;
				CLANG_WARN_UNREACHABLE_CODE = YES;
				CLANG_WARN__DUPLICATE_METHOD_MATCH = YES;
				COPY_PHASE_STRIP = NO;
				DEBUG_INFORMATION_FORMAT = dwarf;
				ENABLE_STRICT_OBJC_MSGSEND = YES;
				ENABLE_TESTABILITY = YES;
				ENABLE_USER_SCRIPT_SANDBOXING = YES;
				GCC_C_LANGUAGE_STANDARD = gnu17;
				GCC_DYNAMIC_NO_PIC = NO;
				GCC_NO_COMMON_BLOCKS = YES;
				GCC_OPTIMIZATION_LEVEL = 0;
				GCC_PREPROCESSOR_DEFINITIONS = (
					"DEBUG=1",
					"$(inherited)",
				);
				GCC_WARN_64_TO_32_BIT_CONVERSION = YES;
				GCC_WARN_ABOUT_RETURN_TYPE = YES_ERROR;
				GCC_WARN_UNDECLARED_SELECTOR = YES;
				GCC_WARN_UNINITIALIZED_AUTOS = YES_AGGRESSIVE;
				GCC_WARN_UNUSED_FUNCTION = YES;
				GCC_WARN_UNUSED_VARIABLE = YES;
				IPHONEOS_DEPLOYMENT_TARGET = 18.1;
				LOCALIZATION_PREFERS_STRING_CATALOGS = YES;
				MTL_ENABLE_DEBUG_INFO = INCLUDE_SOURCE;
				MTL_FAST_MATH = YES;
				ONLY_ACTIVE_ARCH = YES;
				SDKROOT = iphoneos;
				SWIFT_ACTIVE_COMPILATION_CONDITIONS = "DEBUG $(inherited)";
				SWIFT_OPTIMIZATION_LEVEL = "-Onone";
			};
			name = Debug;
		};
		F0DE9BDD2CE2487C00559108 /* Release */ = {
			isa = XCBuildConfiguration;
			buildSettings = {
				ALWAYS_SEARCH_USER_PATHS = NO;
				ASSETCATALOG_COMPILER_GENERATE_SWIFT_ASSET_SYMBOL_EXTENSIONS = YES;
				CLANG_ANALYZER_NONNULL = YES;
				CLANG_ANALYZER_NUMBER_OBJECT_CONVERSION = YES_AGGRESSIVE;
				CLANG_CXX_LANGUAGE_STANDARD = "gnu++20";
				CLANG_ENABLE_MODULES = YES;
				CLANG_ENABLE_OBJC_ARC = YES;
				CLANG_ENABLE_OBJC_WEAK = YES;
				CLANG_WARN_BLOCK_CAPTURE_AUTORELEASING = YES;
				CLANG_WARN_BOOL_CONVERSION = YES;
				CLANG_WARN_COMMA = YES;
				CLANG_WARN_CONSTANT_CONVERSION = YES;
				CLANG_WARN_DEPRECATED_OBJC_IMPLEMENTATIONS = YES;
				CLANG_WARN_DIRECT_OBJC_ISA_USAGE = YES_ERROR;
				CLANG_WARN_DOCUMENTATION_COMMENTS = YES;
				CLANG_WARN_EMPTY_BODY = YES;
				CLANG_WARN_ENUM_CONVERSION = YES;
				CLANG_WARN_INFINITE_RECURSION = YES;
				CLANG_WARN_INT_CONVERSION = YES;
				CLANG_WARN_NON_LITERAL_NULL_CONVERSION = YES;
				CLANG_WARN_OBJC_IMPLICIT_RETAIN_SELF = YES;
				CLANG_WARN_OBJC_LITERAL_CONVERSION = YES;
				CLANG_WARN_OBJC_ROOT_CLASS = YES_ERROR;
				CLANG_WARN_QUOTED_INCLUDE_IN_FRAMEWORK_HEADER = YES;
				CLANG_WARN_RANGE_LOOP_ANALYSIS = YES;
				CLANG_WARN_STRICT_PROTOTYPES = YES;
				CLANG_WARN_SUSPICIOUS_MOVE = YES;
				CLANG_WARN_UNGUARDED_AVAILABILITY = YES_AGGRESSIVE;
				CLANG_WARN_UNREACHABLE_CODE = YES;
				CLANG_WARN__DUPLICATE_METHOD_MATCH = YES;
				COPY_PHASE_STRIP = NO;
				DEBUG_INFORMATION_FORMAT = "dwarf-with-dsym";
				ENABLE_NS_ASSERTIONS = NO;
				ENABLE_STRICT_OBJC_MSGSEND = YES;
				ENABLE_USER_SCRIPT_SANDBOXING = YES;
				GCC_C_LANGUAGE_STANDARD = gnu17;
				GCC_NO_COMMON_BLOCKS = YES;
				GCC_WARN_64_TO_32_BIT_CONVERSION = YES;
				GCC_WARN_ABOUT_RETURN_TYPE = YES_ERROR;
				GCC_WARN_UNDECLARED_SELECTOR = YES;
				GCC_WARN_UNINITIALIZED_AUTOS = YES_AGGRESSIVE;
				GCC_WARN_UNUSED_FUNCTION = YES;
				GCC_WARN_UNUSED_VARIABLE = YES;
				IPHONEOS_DEPLOYMENT_TARGET = 18.1;
				LOCALIZATION_PREFERS_STRING_CATALOGS = YES;
				MTL_ENABLE_DEBUG_INFO = NO;
				MTL_FAST_MATH = YES;
				SDKROOT = iphoneos;
				SWIFT_COMPILATION_MODE = wholemodule;
				VALIDATE_PRODUCT = YES;
			};
			name = Release;
		};
		F0DE9BDF2CE2487C00559108 /* Debug */ = {
			isa = XCBuildConfiguration;
			buildSettings = {
				BUNDLE_LOADER = "$(TEST_HOST)";
				CODE_SIGN_STYLE = Automatic;
				CURRENT_PROJECT_VERSION = 1;
				DEVELOPMENT_TEAM = AK3RV68WWW;
				GENERATE_INFOPLIST_FILE = YES;
				IPHONEOS_DEPLOYMENT_TARGET = 18.1;
				MARKETING_VERSION = 1.0;
				PRODUCT_BUNDLE_IDENTIFIER = "Victor-Saccucci.BankeyTests";
				PRODUCT_NAME = "$(TARGET_NAME)";
				SWIFT_EMIT_LOC_STRINGS = NO;
				SWIFT_VERSION = 5.0;
				TARGETED_DEVICE_FAMILY = "1,2";
				TEST_HOST = "$(BUILT_PRODUCTS_DIR)/Bankey.app/$(BUNDLE_EXECUTABLE_FOLDER_PATH)/Bankey";
			};
			name = Debug;
		};
		F0DE9BE02CE2487C00559108 /* Release */ = {
			isa = XCBuildConfiguration;
			buildSettings = {
				BUNDLE_LOADER = "$(TEST_HOST)";
				CODE_SIGN_STYLE = Automatic;
				CURRENT_PROJECT_VERSION = 1;
				DEVELOPMENT_TEAM = AK3RV68WWW;
				GENERATE_INFOPLIST_FILE = YES;
				IPHONEOS_DEPLOYMENT_TARGET = 18.1;
				MARKETING_VERSION = 1.0;
				PRODUCT_BUNDLE_IDENTIFIER = "Victor-Saccucci.BankeyTests";
				PRODUCT_NAME = "$(TARGET_NAME)";
				SWIFT_EMIT_LOC_STRINGS = NO;
				SWIFT_VERSION = 5.0;
				TARGETED_DEVICE_FAMILY = "1,2";
				TEST_HOST = "$(BUILT_PRODUCTS_DIR)/Bankey.app/$(BUNDLE_EXECUTABLE_FOLDER_PATH)/Bankey";
			};
			name = Release;
		};
		F0DE9BE22CE2487C00559108 /* Debug */ = {
			isa = XCBuildConfiguration;
			buildSettings = {
				CODE_SIGN_STYLE = Automatic;
				CURRENT_PROJECT_VERSION = 1;
				DEVELOPMENT_TEAM = AK3RV68WWW;
				GENERATE_INFOPLIST_FILE = YES;
				MARKETING_VERSION = 1.0;
				PRODUCT_BUNDLE_IDENTIFIER = "Victor-Saccucci.BankeyUITests";
				PRODUCT_NAME = "$(TARGET_NAME)";
				SWIFT_EMIT_LOC_STRINGS = NO;
				SWIFT_VERSION = 5.0;
				TARGETED_DEVICE_FAMILY = "1,2";
				TEST_TARGET_NAME = Bankey;
			};
			name = Debug;
		};
		F0DE9BE32CE2487C00559108 /* Release */ = {
			isa = XCBuildConfiguration;
			buildSettings = {
				CODE_SIGN_STYLE = Automatic;
				CURRENT_PROJECT_VERSION = 1;
				DEVELOPMENT_TEAM = AK3RV68WWW;
				GENERATE_INFOPLIST_FILE = YES;
				MARKETING_VERSION = 1.0;
				PRODUCT_BUNDLE_IDENTIFIER = "Victor-Saccucci.BankeyUITests";
				PRODUCT_NAME = "$(TARGET_NAME)";
				SWIFT_EMIT_LOC_STRINGS = NO;
				SWIFT_VERSION = 5.0;
				TARGETED_DEVICE_FAMILY = "1,2";
				TEST_TARGET_NAME = Bankey;
			};
			name = Release;
		};
/* End XCBuildConfiguration section */

/* Begin XCConfigurationList section */
		F0DE9BAB2CE2487A00559108 /* Build configuration list for PBXProject "Bankey" */ = {
			isa = XCConfigurationList;
			buildConfigurations = (
				F0DE9BDC2CE2487C00559108 /* Debug */,
				F0DE9BDD2CE2487C00559108 /* Release */,
			);
			defaultConfigurationIsVisible = 0;
			defaultConfigurationName = Release;
		};
		F0DE9BD92CE2487C00559108 /* Build configuration list for PBXNativeTarget "Bankey" */ = {
			isa = XCConfigurationList;
			buildConfigurations = (
				F0DE9BDA2CE2487C00559108 /* Debug */,
				F0DE9BDB2CE2487C00559108 /* Release */,
			);
			defaultConfigurationIsVisible = 0;
			defaultConfigurationName = Release;
		};
		F0DE9BDE2CE2487C00559108 /* Build configuration list for PBXNativeTarget "BankeyTests" */ = {
			isa = XCConfigurationList;
			buildConfigurations = (
				F0DE9BDF2CE2487C00559108 /* Debug */,
				F0DE9BE02CE2487C00559108 /* Release */,
			);
			defaultConfigurationIsVisible = 0;
			defaultConfigurationName = Release;
		};
		F0DE9BE12CE2487C00559108 /* Build configuration list for PBXNativeTarget "BankeyUITests" */ = {
			isa = XCConfigurationList;
			buildConfigurations = (
				F0DE9BE22CE2487C00559108 /* Debug */,
				F0DE9BE32CE2487C00559108 /* Release */,
			);
			defaultConfigurationIsVisible = 0;
			defaultConfigurationName = Release;
		};
/* End XCConfigurationList section */
	};
	rootObject = F0DE9BA82CE2487A00559108 /* Project object */;
}
